{
  "name": "ProxySystem",
  "lockfileVersion": 2,
  "requires": true,
  "packages": {
    "": {
      "devDependencies": {
        "jetifier": "^1.6.6"
      }
    },
    "node_modules/jetifier": {
      "version": "1.6.6",
      "resolved": "https://registry.npmjs.org/jetifier/-/jetifier-1.6.6.tgz",
      "integrity": "sha512-JNAkmPeB/GS2tCRqUzRPsTOHpGDah7xP18vGJfIjZC+W2sxEHbxgJxetIjIqhjQ3yYbYNEELkM/spKLtwoOSUQ==",
      "dev": true,
      "bin": {
        "jetifier": "bin/jetify",
        "jetifier-standalone": "bin/jetifier-standalone",
        "jetify": "bin/jetify"
      }
    }
  },
  "dependencies": {
    "jetifier": {
      "version": "1.6.6",
      "resolved": "https://registry.npmjs.org/jetifier/-/jetifier-1.6.6.tgz",
      "integrity": "sha512-JNAkmPeB/GS2tCRqUzRPsTOHpGDah7xP18vGJfIjZC+W2sxEHbxgJxetIjIqhjQ3yYbYNEELkM/spKLtwoOSUQ==",
      "dev": true
    }
  }
}
